
Microsoft Visual Studio Solution File, Format Version 12.00
# Visual Studio Version 16
VisualStudioVersion = 16.0.29403.142
MinimumVisualStudioVersion = 10.0.40219.1
Project("{FAE04EC0-301F-11D3-BF4B-00C04F79EFBC}") = "AsyncSocketClient.Android", "AsyncSocketClient.Android\AsyncSocketClient.Android.csproj", "{1EF97EA6-4A68-48E5-B16A-0C1540BDB4FA}"
EndProject
Project("{FAE04EC0-301F-11D3-BF4B-00C04F79EFBC}") = "AsyncSocketClient.iOS", "AsyncSocketClient.iOS\AsyncSocketClient.iOS.csproj", "{B0161DF0-EE7D-44A7-8425-592F89E8DAC2}"
EndProject
Project("{9A19103F-16F7-4668-BE54-9A1E7A4F7556}") = "AsyncSocketClient", "AsyncSocketClient\AsyncSocketClient.csproj", "{676A2EAF-332B-404F-8827-D7044C4E2962}"
EndProject
Global
	GlobalSection(SolutionConfigurationPlatforms) = preSolution
		Debug|Any CPU = Debug|Any CPU
		Debug|iPhone = Debug|iPhone
		Debug|iPhoneSimulator = Debug|iPhoneSimulator
		Release|Any CPU = Release|Any CPU
		Release|iPhone = Release|iPhone
		Release|iPhoneSimulator = Release|iPhoneSimulator
	EndGlobalSection
	GlobalSection(ProjectConfigurationPlatforms) = postSolution
		{1EF97EA6-4A68-48E5-B16A-0C1540BDB4FA}.Debug|Any CPU.ActiveCfg = Debug|Any CPU
		{1EF97EA6-4A68-48E5-B16A-0C1540BDB4FA}.Debug|Any CPU.Build.0 = Debug|Any CPU
		{1EF97EA6-4A68-48E5-B16A-0C1540BDB4FA}.Debug|Any CPU.Deploy.0 = Debug|Any CPU
		{1EF97EA6-4A68-48E5-B16A-0C1540BDB4FA}.Debug|iPhone.ActiveCfg = Debug|Any CPU
		{1EF97EA6-4A68-48E5-B16A-0C1540BDB4FA}.Debug|iPhone.Build.0 = Debug|Any CPU
		{1EF97EA6-4A68-48E5-B16A-0C1540BDB4FA}.Debug|iPhone.Deploy.0 = Debug|Any CPU
		{1EF97EA6-4A68-48E5-B16A-0C1540BDB4FA}.Debug|iPhoneSimulator.ActiveCfg = Debug|Any CPU
		{1EF97EA6-4A68-48E5-B16A-0C1540BDB4FA}.Debug|iPhoneSimulator.Build.0 = Debug|Any CPU
		{1EF97EA6-4A68-48E5-B16A-0C1540BDB4FA}.Debug|iPhoneSimulator.Deploy.0 = Debug|Any CPU
		{1EF97EA6-4A68-48E5-B16A-0C1540BDB4FA}.Release|Any CPU.ActiveCfg = Release|Any CPU
		{1EF97EA6-4A68-48E5-B16A-0C1540BDB4FA}.Release|Any CPU.Build.0 = Release|Any CPU
		{1EF97EA6-4A68-48E5-B16A-0C1540BDB4FA}.Release|Any CPU.Deploy.0 = Release|Any CPU
		{1EF97EA6-4A68-48E5-B16A-0C1540BDB4FA}.Release|iPhone.ActiveCfg = Release|Any CPU
		{1EF97EA6-4A68-48E5-B16A-0C1540BDB4FA}.Release|iPhone.Build.0 = Release|Any CPU
		{1EF97EA6-4A68-48E5-B16A-0C1540BDB4FA}.Release|iPhone.Deploy.0 = Release|Any CPU
		{1EF97EA6-4A68-48E5-B16A-0C1540BDB4FA}.Release|iPhoneSimulator.ActiveCfg = Release|Any CPU
		{1EF97EA6-4A68-48E5-B16A-0C1540BDB4FA}.Release|iPhoneSimulator.Build.0 = Release|Any CPU
		{1EF97EA6-4A68-48E5-B16A-0C1540BDB4FA}.Release|iPhoneSimulator.Deploy.0 = Release|Any CPU
		{B0161DF0-EE7D-44A7-8425-592F89E8DAC2}.Debug|Any CPU.ActiveCfg = Debug|iPhoneSimulator
		{B0161DF0-EE7D-44A7-8425-592F89E8DAC2}.Debug|Any CPU.Deploy.0 = Debug|iPhoneSimulator
		{B0161DF0-EE7D-44A7-8425-592F89E8DAC2}.Debug|iPhone.ActiveCfg = Debug|iPhone
		{B0161DF0-EE7D-44A7-8425-592F89E8DAC2}.Debug|iPhone.Build.0 = Debug|iPhone
		{B0161DF0-EE7D-44A7-8425-592F89E8DAC2}.Debug|iPhone.Deploy.0 = Debug|iPhone
		{B0161DF0-EE7D-44A7-8425-592F89E8DAC2}.Debug|iPhoneSimulator.ActiveCfg = Debug|iPhoneSimulator
		{B0161DF0-EE7D-44A7-8425-592F89E8DAC2}.Debug|iPhoneSimulator.Build.0 = Debug|iPhoneSimulator
		{B0161DF0-EE7D-44A7-8425-592F89E8DAC2}.Debug|iPhoneSimulator.Deploy.0 = Debug|iPhoneSimulator
		{B0161DF0-EE7D-44A7-8425-592F89E8DAC2}.Release|Any CPU.ActiveCfg = Release|iPhone
		{B0161DF0-EE7D-44A7-8425-592F89E8DAC2}.Release|Any CPU.Build.0 = Release|iPhone
		{B0161DF0-EE7D-44A7-8425-592F89E8DAC2}.Release|Any CPU.Deploy.0 = Release|iPhone
		{B0161DF0-EE7D-44A7-8425-592F89E8DAC2}.Release|iPhone.ActiveCfg = Release|iPhone
		{B0161DF0-EE7D-44A7-8425-592F89E8DAC2}.Release|iPhone.Build.0 = Release|iPhone
		{B0161DF0-EE7D-44A7-8425-592F89E8DAC2}.Release|iPhone.Deploy.0 = Release|iPhone
		{B0161DF0-EE7D-44A7-8425-592F89E8DAC2}.Release|iPhoneSimulator.ActiveCfg = Release|iPhoneSimulator
		{B0161DF0-EE7D-44A7-8425-592F89E8DAC2}.Release|iPhoneSimulator.Build.0 = Release|iPhoneSimulator
		{B0161DF0-EE7D-44A7-8425-592F89E8DAC2}.Release|iPhoneSimulator.Deploy.0 = Release|iPhoneSimulator
		{676A2EAF-332B-404F-8827-D7044C4E2962}.Debug|Any CPU.ActiveCfg = Debug|Any CPU
		{676A2EAF-332B-404F-8827-D7044C4E2962}.Debug|Any CPU.Build.0 = Debug|Any CPU
		{676A2EAF-332B-404F-8827-D7044C4E2962}.Debug|Any CPU.Deploy.0 = Debug|Any CPU
		{676A2EAF-332B-404F-8827-D7044C4E2962}.Debug|iPhone.ActiveCfg = Debug|Any CPU
		{676A2EAF-332B-404F-8827-D7044C4E2962}.Debug|iPhone.Build.0 = Debug|Any CPU
		{676A2EAF-332B-404F-8827-D7044C4E2962}.Debug|iPhone.Deploy.0 = Debug|Any CPU
		{676A2EAF-332B-404F-8827-D7044C4E2962}.Debug|iPhoneSimulator.ActiveCfg = Debug|Any CPU
		{676A2EAF-332B-404F-8827-D7044C4E2962}.Debug|iPhoneSimulator.Build.0 = Debug|Any CPU
		{676A2EAF-332B-404F-8827-D7044C4E2962}.Debug|iPhoneSimulator.Deploy.0 = Debug|Any CPU
		{676A2EAF-332B-404F-8827-D7044C4E2962}.Release|Any CPU.ActiveCfg = Release|Any CPU
		{676A2EAF-332B-404F-8827-D7044C4E2962}.Release|Any CPU.Build.0 = Release|Any CPU
		{676A2EAF-332B-404F-8827-D7044C4E2962}.Release|Any CPU.Deploy.0 = Release|Any CPU
		{676A2EAF-332B-404F-8827-D7044C4E2962}.Release|iPhone.ActiveCfg = Release|Any CPU
		{676A2EAF-332B-404F-8827-D7044C4E2962}.Release|iPhone.Build.0 = Release|Any CPU
		{676A2EAF-332B-404F-8827-D7044C4E2962}.Release|iPhone.Deploy.0 = Release|Any CPU
		{676A2EAF-332B-404F-8827-D7044C4E2962}.Release|iPhoneSimulator.ActiveCfg = Release|Any CPU
		{676A2EAF-332B-404F-8827-D7044C4E2962}.Release|iPhoneSimulator.Build.0 = Release|Any CPU
		{676A2EAF-332B-404F-8827-D7044C4E2962}.Release|iPhoneSimulator.Deploy.0 = Release|Any CPU
	EndGlobalSection
	GlobalSection(SolutionProperties) = preSolution
		HideSolutionNode = FALSE
	EndGlobalSection
	GlobalSection(ExtensibilityGlobals) = postSolution
		SolutionGuid = {9E476AA4-AA92-48F0-BE02-19B672A8B92A}
	EndGlobalSection
EndGlobal
